// !$*UTF8*$!
{
	archiveVersion = 1;
	classes = {
	};
	objectVersion = 63;
	objects = {

/* Begin PBXBuildFile section */
		0154632F64A9B778BD328148 /* HealthSummary.swift in Sources */ = {isa = PBXBuildFile; fileRef = 258CB4A2EE68D95676AB445E /* HealthSummary.swift */; };
		0BB6F08961D982D9BF1023F8 /* LoomCompanionKit.framework in Frameworks */ = {isa = PBXBuildFile; fileRef = 0965F79DE443186E70D59245 /* LoomCompanionKit.framework */; };
		112E1A30B95AFFA19F47668C /* DashboardViewModel.swift in Sources */ = {isa = PBXBuildFile; fileRef = 318FE4DE0832DCDFC1FDA031 /* DashboardViewModel.swift */; };
		115BDC290AD53FC3423B9CC3 /* AlertItem.swift in Sources */ = {isa = PBXBuildFile; fileRef = 7E3E4C9EB758F76ADC8C6A4A /* AlertItem.swift */; };
		1AA9EDC4D2634F3BCD526910 /* OpsModels.swift in Sources */ = {isa = PBXBuildFile; fileRef = 4A87B4846EDF0FD1ED36EAA1 /* OpsModels.swift */; };
		1E2F5DEF2EC06341BCA0DA39 /* SessionEventsView.swift in Sources */ = {isa = PBXBuildFile; fileRef = 5E96EE11EC79E0AB9D4A62AF /* SessionEventsView.swift */; };
		25F9A3AACB334874920BAF6A /* SessionRowView.swift in Sources */ = {isa = PBXBuildFile; fileRef = 49E6B8D288B2788D83D73ACA /* SessionRowView.swift */; };
		2D98A8D1191662318E0F2FE5 /* ContentView.swift in Sources */ = {isa = PBXBuildFile; fileRef = 678EE9DDABB8C2F74E417932 /* ContentView.swift */; };
		3B7D185E18B6B4441E16A8DB /* ConnectionProfileView.swift in Sources */ = {isa = PBXBuildFile; fileRef = CB31D459E6D1D793F46A1B31 /* ConnectionProfileView.swift */; };
		48B4E56980B5F596C1A51EE3 /* TimelineEntry.swift in Sources */ = {isa = PBXBuildFile; fileRef = D8E876D98B58CECC44EB5E5E /* TimelineEntry.swift */; };
		4C65035950F358B9340A2160 /* APIClient.swift in Sources */ = {isa = PBXBuildFile; fileRef = 9D65752DA1D831C10454937C /* APIClient.swift */; };
		529481AA1364F008AABB1D7A /* TimelineListView.swift in Sources */ = {isa = PBXBuildFile; fileRef = 1F6913A8C8AD409B9046B8A0 /* TimelineListView.swift */; };
		58BE00777930FB0F87CC784E /* SessionsListView.swift in Sources */ = {isa = PBXBuildFile; fileRef = 80E9760E8E87921284992C11 /* SessionsListView.swift */; };
		5B3AC9E61710949784CC61BB /* DashboardData.swift in Sources */ = {isa = PBXBuildFile; fileRef = A5336E3C4F0A0451AD7F4F7E /* DashboardData.swift */; };
		5F1C81A230F9A17DEFF44944 /* LoomCompanionKit.framework in Embed Frameworks */ = {isa = PBXBuildFile; fileRef = 0965F79DE443186E70D59245 /* LoomCompanionKit.framework */; settings = {ATTRIBUTES = (CodeSignOnCopy, RemoveHeadersOnCopy, ); }; };
		64D8DEEE394682735D328772 /* SessionsViewModel.swift in Sources */ = {isa = PBXBuildFile; fileRef = 9ACB13956A25A11A5A18DDD3 /* SessionsViewModel.swift */; };
		6AE2B81B2649BD1EAC446ACC /* AlertPolicy.swift in Sources */ = {isa = PBXBuildFile; fileRef = C261814FE4487CE9DFEF06B6 /* AlertPolicy.swift */; };
		6C411FC10E264DAC0556C8EA /* APIError.swift in Sources */ = {isa = PBXBuildFile; fileRef = 531717108CA193976CD1D2E3 /* APIError.swift */; };
		6F5327200BDA5F943F30A463 /* APIEnvelope.swift in Sources */ = {isa = PBXBuildFile; fileRef = 525058B8CC6610D4C955F604 /* APIEnvelope.swift */; };
		74510299F5362A73CF34E2BA /* LoginView.swift in Sources */ = {isa = PBXBuildFile; fileRef = 258C0342CB3518FF6D16003A /* LoginView.swift */; };
		761BFE6B0B2350CEB2C400E2 /* ConnectionDiagnosticsView.swift in Sources */ = {isa = PBXBuildFile; fileRef = 3B54489129D12CD2FE8EB2E8 /* ConnectionDiagnosticsView.swift */; };
		76902BBFE74D96C71EF3120C /* CreateSessionView.swift in Sources */ = {isa = PBXBuildFile; fileRef = 4F9CBC4D7A1057DDD87D00C6 /* CreateSessionView.swift */; };
		76C0FB5C848C9F2C8AE699CB /* HealthStatusCard.swift in Sources */ = {isa = PBXBuildFile; fileRef = CFBB16BC786E0CA1239A1927 /* HealthStatusCard.swift */; };
		80E4590AB92C48FDBCB4EDEC /* LANPermissionView.swift in Sources */ = {isa = PBXBuildFile; fileRef = 2ED40FA4A31DB113C275C811 /* LANPermissionView.swift */; };
		833F4F1E06447687B1365B68 /* SessionMetadataView.swift in Sources */ = {isa = PBXBuildFile; fileRef = 6C288D842D503B7776E8F0AB /* SessionMetadataView.swift */; };
		89A054B606D9AEF80B7EFDB2 /* AlertRowView.swift in Sources */ = {isa = PBXBuildFile; fileRef = B6EDEF8D15BD0F4CB7DD8F70 /* AlertRowView.swift */; };
		8A367FC956B9103DF2C4ED2D /* SessionFilterView.swift in Sources */ = {isa = PBXBuildFile; fileRef = CA9EC181191293F54C2F8271 /* SessionFilterView.swift */; };
		9A9C76AD6340ADB9630542B4 /* AnyCodable.swift in Sources */ = {isa = PBXBuildFile; fileRef = 8128F09702F53DB3BFF5F227 /* AnyCodable.swift */; };
		9FA7BCACDC8754FB334F3EBD /* AlertsListView.swift in Sources */ = {isa = PBXBuildFile; fileRef = D147DBE9994E08EA6A1AF9C1 /* AlertsListView.swift */; };
		A0ADB23805338C6C29E0A0CB /* LoomCompanionApp.swift in Sources */ = {isa = PBXBuildFile; fileRef = 88F2FE450A41EBC1375D96E2 /* LoomCompanionApp.swift */; };
		AE26BF83C8AEFE0B08F1DA96 /* TokenStore.swift in Sources */ = {isa = PBXBuildFile; fileRef = 6DF3DC44CF14DC2FB3F085E0 /* TokenStore.swift */; };
		B03747CEFD8DAB35671BF975 /* StatusBadge.swift in Sources */ = {isa = PBXBuildFile; fileRef = 0B2A65F47D87C55A22DF2C6F /* StatusBadge.swift */; };
		BA4BFDAF7460757C230C1995 /* OpsView.swift in Sources */ = {isa = PBXBuildFile; fileRef = 1C5E25ADF1909F821B3221D7 /* OpsView.swift */; };
		BE66E00D6F6C28D7C160AC8B /* ConnectionProfile.swift in Sources */ = {isa = PBXBuildFile; fileRef = 94B9978DB3F68FA11F46E0EC /* ConnectionProfile.swift */; };
		C87437F13DE7E88A0AFD1E1B /* ErrorBanner.swift in Sources */ = {isa = PBXBuildFile; fileRef = 1D5E13C89B475A55FE14DF94 /* ErrorBanner.swift */; };
		CA3E87BA5DCD0F9C63673CCD /* SSEClient.swift in Sources */ = {isa = PBXBuildFile; fileRef = 3E658DFA7DF9965AC39ECCB3 /* SSEClient.swift */; };
		CB856B9785D64315472048AE /* OpsViewModel.swift in Sources */ = {isa = PBXBuildFile; fileRef = 85BA181AB53B3242E5EC8440 /* OpsViewModel.swift */; };
		CC0104B3FB20E36B95F09FCF /* Endpoint.swift in Sources */ = {isa = PBXBuildFile; fileRef = 28F7DB448F3181FBEFEA5CFA /* Endpoint.swift */; };
		CDBAA8EAA0B67766D37F3607 /* SessionInfo.swift in Sources */ = {isa = PBXBuildFile; fileRef = 6061C1B1FD3CAEC4C1ACC226 /* SessionInfo.swift */; };
		CEA20399E44A121B9F0A26F1 /* PushRegistration.swift in Sources */ = {isa = PBXBuildFile; fileRef = 7AD6F95E28AFA49A9FA77CF5 /* PushRegistration.swift */; };
		D072038A27840743FE92BC02 /* ConnectionRemediation.swift in Sources */ = {isa = PBXBuildFile; fileRef = FF1F234E71EBAD74BAF8F8FB /* ConnectionRemediation.swift */; };
		DBBAA50C4F34C1B27900C576 /* AlertsViewModel.swift in Sources */ = {isa = PBXBuildFile; fileRef = 5CFF203EEBD1AF6A4A2AB4D2 /* AlertsViewModel.swift */; };
		DCF74D2FF639DB17590A1117 /* SessionDetailViewModel.swift in Sources */ = {isa = PBXBuildFile; fileRef = DE5346286B85D5DBFA4FDEE2 /* SessionDetailViewModel.swift */; };
		E0D0A8B42F44F4323B1313B6 /* ConnectionViewModel.swift in Sources */ = {isa = PBXBuildFile; fileRef = 52AE107FC4C72CDDC7C2546E /* ConnectionViewModel.swift */; };
		E943F11E27034571454731BE /* FleetSummaryCard.swift in Sources */ = {isa = PBXBuildFile; fileRef = 1CF7388A60BCC73E46496965 /* FleetSummaryCard.swift */; };
		ECA31FBD29E65D5EA29F81DA /* SessionDetailView.swift in Sources */ = {isa = PBXBuildFile; fileRef = 688362B0681E39784FE702D9 /* SessionDetailView.swift */; };
		EF6C45BC301083177F0FDFBE /* DashboardView.swift in Sources */ = {isa = PBXBuildFile; fileRef = 8128EBBB2219D0A2C14482ED /* DashboardView.swift */; };
		F91AF5E5C440230EB88D369A /* PushNotificationsViewModel.swift in Sources */ = {isa = PBXBuildFile; fileRef = F96726B96A5D4BFB2C9237E0 /* PushNotificationsViewModel.swift */; };
		FA64F07EF16BF9A5CBA8759C /* DeviceInfo.swift in Sources */ = {isa = PBXBuildFile; fileRef = B7D43F146F42E91DCCAA523D /* DeviceInfo.swift */; };
		FEEC34A014B3BE76C909FA4C /* ConnectionHealthMonitor.swift in Sources */ = {isa = PBXBuildFile; fileRef = 30696986D90C9AC7E69B8AA2 /* ConnectionHealthMonitor.swift */; };
/* End PBXBuildFile section */

/* Begin PBXContainerItemProxy section */
		C41A6547E8A8531457564DBC /* PBXContainerItemProxy */ = {
			isa = PBXContainerItemProxy;
			containerPortal = F2A579FA7F3D020C300003E6 /* Project object */;
			proxyType = 1;
			remoteGlobalIDString = A1E3786F0E278DF274CEE75D;
			remoteInfo = LoomCompanionKit;
		};
/* End PBXContainerItemProxy section */

/* Begin PBXCopyFilesBuildPhase section */
		FBD2CD88EE5D8F2942B21778 /* Embed Frameworks */ = {
			isa = PBXCopyFilesBuildPhase;
			buildActionMask = 2147483647;
			dstPath = "";
			dstSubfolderSpec = 10;
			files = (
				5F1C81A230F9A17DEFF44944 /* LoomCompanionKit.framework in Embed Frameworks */,
			);
			name = "Embed Frameworks";
			runOnlyForDeploymentPostprocessing = 0;
		};
/* End PBXCopyFilesBuildPhase section */

/* Begin PBXFileReference section */
		0965F79DE443186E70D59245 /* LoomCompanionKit.framework */ = {isa = PBXFileReference; explicitFileType = wrapper.framework; includeInIndex = 0; path = LoomCompanionKit.framework; sourceTree = BUILT_PRODUCTS_DIR; };
		0B2A65F47D87C55A22DF2C6F /* StatusBadge.swift */ = {isa = PBXFileReference; lastKnownFileType = sourcecode.swift; path = StatusBadge.swift; sourceTree = "<group>"; };
		1C5E25ADF1909F821B3221D7 /* OpsView.swift */ = {isa = PBXFileReference; lastKnownFileType = sourcecode.swift; path = OpsView.swift; sourceTree = "<group>"; };
		1CF7388A60BCC73E46496965 /* FleetSummaryCard.swift */ = {isa = PBXFileReference; lastKnownFileType = sourcecode.swift; path = FleetSummaryCard.swift; sourceTree = "<group>"; };
		1D5E13C89B475A55FE14DF94 /* ErrorBanner.swift */ = {isa = PBXFileReference; lastKnownFileType = sourcecode.swift; path = ErrorBanner.swift; sourceTree = "<group>"; };
		1F6913A8C8AD409B9046B8A0 /* TimelineListView.swift */ = {isa = PBXFileReference; lastKnownFileType = sourcecode.swift; path = TimelineListView.swift; sourceTree = "<group>"; };
		258C0342CB3518FF6D16003A /* LoginView.swift */ = {isa = PBXFileReference; lastKnownFileType = sourcecode.swift; path = LoginView.swift; sourceTree = "<group>"; };
		258CB4A2EE68D95676AB445E /* HealthSummary.swift */ = {isa = PBXFileReference; lastKnownFileType = sourcecode.swift; path = HealthSummary.swift; sourceTree = "<group>"; };
		28F7DB448F3181FBEFEA5CFA /* Endpoint.swift */ = {isa = PBXFileReference; lastKnownFileType = sourcecode.swift; path = Endpoint.swift; sourceTree = "<group>"; };
		2ED40FA4A31DB113C275C811 /* LANPermissionView.swift */ = {isa = PBXFileReference; lastKnownFileType = sourcecode.swift; path = LANPermissionView.swift; sourceTree = "<group>"; };
		30696986D90C9AC7E69B8AA2 /* ConnectionHealthMonitor.swift */ = {isa = PBXFileReference; lastKnownFileType = sourcecode.swift; path = ConnectionHealthMonitor.swift; sourceTree = "<group>"; };
		318FE4DE0832DCDFC1FDA031 /* DashboardViewModel.swift */ = {isa = PBXFileReference; lastKnownFileType = sourcecode.swift; path = DashboardViewModel.swift; sourceTree = "<group>"; };
		3B54489129D12CD2FE8EB2E8 /* ConnectionDiagnosticsView.swift */ = {isa = PBXFileReference; lastKnownFileType = sourcecode.swift; path = ConnectionDiagnosticsView.swift; sourceTree = "<group>"; };
		3E658DFA7DF9965AC39ECCB3 /* SSEClient.swift */ = {isa = PBXFileReference; lastKnownFileType = sourcecode.swift; path = SSEClient.swift; sourceTree = "<group>"; };
		49E6B8D288B2788D83D73ACA /* SessionRowView.swift */ = {isa = PBXFileReference; lastKnownFileType = sourcecode.swift; path = SessionRowView.swift; sourceTree = "<group>"; };
		4A87B4846EDF0FD1ED36EAA1 /* OpsModels.swift */ = {isa = PBXFileReference; lastKnownFileType = sourcecode.swift; path = OpsModels.swift; sourceTree = "<group>"; };
		4F9CBC4D7A1057DDD87D00C6 /* CreateSessionView.swift */ = {isa = PBXFileReference; lastKnownFileType = sourcecode.swift; path = CreateSessionView.swift; sourceTree = "<group>"; };
		525058B8CC6610D4C955F604 /* APIEnvelope.swift */ = {isa = PBXFileReference; lastKnownFileType = sourcecode.swift; path = APIEnvelope.swift; sourceTree = "<group>"; };
		52AE107FC4C72CDDC7C2546E /* ConnectionViewModel.swift */ = {isa = PBXFileReference; lastKnownFileType = sourcecode.swift; path = ConnectionViewModel.swift; sourceTree = "<group>"; };
		531717108CA193976CD1D2E3 /* APIError.swift */ = {isa = PBXFileReference; lastKnownFileType = sourcecode.swift; path = APIError.swift; sourceTree = "<group>"; };
		5CFF203EEBD1AF6A4A2AB4D2 /* AlertsViewModel.swift */ = {isa = PBXFileReference; lastKnownFileType = sourcecode.swift; path = AlertsViewModel.swift; sourceTree = "<group>"; };
		5E96EE11EC79E0AB9D4A62AF /* SessionEventsView.swift */ = {isa = PBXFileReference; lastKnownFileType = sourcecode.swift; path = SessionEventsView.swift; sourceTree = "<group>"; };
		6061C1B1FD3CAEC4C1ACC226 /* SessionInfo.swift */ = {isa = PBXFileReference; lastKnownFileType = sourcecode.swift; path = SessionInfo.swift; sourceTree = "<group>"; };
		678EE9DDABB8C2F74E417932 /* ContentView.swift */ = {isa = PBXFileReference; lastKnownFileType = sourcecode.swift; path = ContentView.swift; sourceTree = "<group>"; };
		688362B0681E39784FE702D9 /* SessionDetailView.swift */ = {isa = PBXFileReference; lastKnownFileType = sourcecode.swift; path = SessionDetailView.swift; sourceTree = "<group>"; };
		6C288D842D503B7776E8F0AB /* SessionMetadataView.swift */ = {isa = PBXFileReference; lastKnownFileType = sourcecode.swift; path = SessionMetadataView.swift; sourceTree = "<group>"; };
		6DF3DC44CF14DC2FB3F085E0 /* TokenStore.swift */ = {isa = PBXFileReference; lastKnownFileType = sourcecode.swift; path = TokenStore.swift; sourceTree = "<group>"; };
		7AD6F95E28AFA49A9FA77CF5 /* PushRegistration.swift */ = {isa = PBXFileReference; lastKnownFileType = sourcecode.swift; path = PushRegistration.swift; sourceTree = "<group>"; };
		7E3E4C9EB758F76ADC8C6A4A /* AlertItem.swift */ = {isa = PBXFileReference; lastKnownFileType = sourcecode.swift; path = AlertItem.swift; sourceTree = "<group>"; };
		80E9760E8E87921284992C11 /* SessionsListView.swift */ = {isa = PBXFileReference; lastKnownFileType = sourcecode.swift; path = SessionsListView.swift; sourceTree = "<group>"; };
		8128EBBB2219D0A2C14482ED /* DashboardView.swift */ = {isa = PBXFileReference; lastKnownFileType = sourcecode.swift; path = DashboardView.swift; sourceTree = "<group>"; };
		8128F09702F53DB3BFF5F227 /* AnyCodable.swift */ = {isa = PBXFileReference; lastKnownFileType = sourcecode.swift; path = AnyCodable.swift; sourceTree = "<group>"; };
		85BA181AB53B3242E5EC8440 /* OpsViewModel.swift */ = {isa = PBXFileReference; lastKnownFileType = sourcecode.swift; path = OpsViewModel.swift; sourceTree = "<group>"; };
		88F2FE450A41EBC1375D96E2 /* LoomCompanionApp.swift */ = {isa = PBXFileReference; lastKnownFileType = sourcecode.swift; path = LoomCompanionApp.swift; sourceTree = "<group>"; };
		94B9978DB3F68FA11F46E0EC /* ConnectionProfile.swift */ = {isa = PBXFileReference; lastKnownFileType = sourcecode.swift; path = ConnectionProfile.swift; sourceTree = "<group>"; };
		9ACB13956A25A11A5A18DDD3 /* SessionsViewModel.swift */ = {isa = PBXFileReference; lastKnownFileType = sourcecode.swift; path = SessionsViewModel.swift; sourceTree = "<group>"; };
		9D65752DA1D831C10454937C /* APIClient.swift */ = {isa = PBXFileReference; lastKnownFileType = sourcecode.swift; path = APIClient.swift; sourceTree = "<group>"; };
		A5336E3C4F0A0451AD7F4F7E /* DashboardData.swift */ = {isa = PBXFileReference; lastKnownFileType = sourcecode.swift; path = DashboardData.swift; sourceTree = "<group>"; };
		B6EDEF8D15BD0F4CB7DD8F70 /* AlertRowView.swift */ = {isa = PBXFileReference; lastKnownFileType = sourcecode.swift; path = AlertRowView.swift; sourceTree = "<group>"; };
		B7D43F146F42E91DCCAA523D /* DeviceInfo.swift */ = {isa = PBXFileReference; lastKnownFileType = sourcecode.swift; path = DeviceInfo.swift; sourceTree = "<group>"; };
		C261814FE4487CE9DFEF06B6 /* AlertPolicy.swift */ = {isa = PBXFileReference; lastKnownFileType = sourcecode.swift; path = AlertPolicy.swift; sourceTree = "<group>"; };
		CA9EC181191293F54C2F8271 /* SessionFilterView.swift */ = {isa = PBXFileReference; lastKnownFileType = sourcecode.swift; path = SessionFilterView.swift; sourceTree = "<group>"; };
		CB31D459E6D1D793F46A1B31 /* ConnectionProfileView.swift */ = {isa = PBXFileReference; lastKnownFileType = sourcecode.swift; path = ConnectionProfileView.swift; sourceTree = "<group>"; };
		CFBB16BC786E0CA1239A1927 /* HealthStatusCard.swift */ = {isa = PBXFileReference; lastKnownFileType = sourcecode.swift; path = HealthStatusCard.swift; sourceTree = "<group>"; };
		D147DBE9994E08EA6A1AF9C1 /* AlertsListView.swift */ = {isa = PBXFileReference; lastKnownFileType = sourcecode.swift; path = AlertsListView.swift; sourceTree = "<group>"; };
		D8E876D98B58CECC44EB5E5E /* TimelineEntry.swift */ = {isa = PBXFileReference; lastKnownFileType = sourcecode.swift; path = TimelineEntry.swift; sourceTree = "<group>"; };
		DE5346286B85D5DBFA4FDEE2 /* SessionDetailViewModel.swift */ = {isa = PBXFileReference; lastKnownFileType = sourcecode.swift; path = SessionDetailViewModel.swift; sourceTree = "<group>"; };
		E6EE71E2DE22C9A8E98B4698 /* LoomCompanion.app */ = {isa = PBXFileReference; explicitFileType = wrapper.application; includeInIndex = 0; path = LoomCompanion.app; sourceTree = BUILT_PRODUCTS_DIR; };
		F96726B96A5D4BFB2C9237E0 /* PushNotificationsViewModel.swift */ = {isa = PBXFileReference; lastKnownFileType = sourcecode.swift; path = PushNotificationsViewModel.swift; sourceTree = "<group>"; };
		FF1F234E71EBAD74BAF8F8FB /* ConnectionRemediation.swift */ = {isa = PBXFileReference; lastKnownFileType = sourcecode.swift; path = ConnectionRemediation.swift; sourceTree = "<group>"; };
/* End PBXFileReference section */

/* Begin PBXFrameworksBuildPhase section */
		8EABA9C70DC5AFA189BE4FF4 /* Frameworks */ = {
			isa = PBXFrameworksBuildPhase;
			buildActionMask = 2147483647;
			files = (
				0BB6F08961D982D9BF1023F8 /* LoomCompanionKit.framework in Frameworks */,
			);
			runOnlyForDeploymentPostprocessing = 0;
		};
/* End PBXFrameworksBuildPhase section */

/* Begin PBXGroup section */
		093267C2E51E16FB5623E69D /* Utilities */ = {
			isa = PBXGroup;
			children = (
				B7D43F146F42E91DCCAA523D /* DeviceInfo.swift */,
			);
			path = Utilities;
			sourceTree = "<group>";
		};
		1D9D9E79E6A89BB4FE624947 /* Sources */ = {
			isa = PBXGroup;
			children = (
				861221A809B8922F84197350 /* LoomCompanion */,
				C87153AA073BED2EAFF17B83 /* LoomCompanionKit */,
			);
			path = Sources;
			sourceTree = "<group>";
		};
		2BE3A5662F9DA71DE25EC26C /* Connection */ = {
			isa = PBXGroup;
			children = (
				3B54489129D12CD2FE8EB2E8 /* ConnectionDiagnosticsView.swift */,
				CB31D459E6D1D793F46A1B31 /* ConnectionProfileView.swift */,
				2ED40FA4A31DB113C275C811 /* LANPermissionView.swift */,
				258C0342CB3518FF6D16003A /* LoginView.swift */,
			);
			path = Connection;
			sourceTree = "<group>";
		};
		2C5B5E8E4ED8B1A15914E3D1 /* Services */ = {
			isa = PBXGroup;
			children = (
				30696986D90C9AC7E69B8AA2 /* ConnectionHealthMonitor.swift */,
			);
			path = Services;
			sourceTree = "<group>";
		};
		4DDCF8E9200D33074DEB19BC = {
			isa = PBXGroup;
			children = (
				1D9D9E79E6A89BB4FE624947 /* Sources */,
				D262802FE3DF614BBC4E2868 /* Products */,
			);
			sourceTree = "<group>";
		};
		861221A809B8922F84197350 /* LoomCompanion */ = {
			isa = PBXGroup;
			children = (
				678EE9DDABB8C2F74E417932 /* ContentView.swift */,
				88F2FE450A41EBC1375D96E2 /* LoomCompanionApp.swift */,
				093267C2E51E16FB5623E69D /* Utilities */,
				8717CC413A4AEEB0AE0B2CB4 /* Views */,
			);
			path = LoomCompanion;
			sourceTree = "<group>";
		};
		8717CC413A4AEEB0AE0B2CB4 /* Views */ = {
			isa = PBXGroup;
			children = (
				F266D3641533B7B6917C6293 /* Alerts */,
				2BE3A5662F9DA71DE25EC26C /* Connection */,
				E799C002B5D57AB6690F2D63 /* Dashboard */,
				94E138E964ADC74E7EBF3410 /* Ops */,
				A4929F479D971135B1566B70 /* SessionDetail */,
				9D4BCF9F36EB467A7AC99AF4 /* Sessions */,
				9E3AB81F7F45D768CE409B3E /* Shared */,
			);
			path = Views;
			sourceTree = "<group>";
		};
		94E138E964ADC74E7EBF3410 /* Ops */ = {
			isa = PBXGroup;
			children = (
				1C5E25ADF1909F821B3221D7 /* OpsView.swift */,
			);
			path = Ops;
			sourceTree = "<group>";
		};
		9D4BCF9F36EB467A7AC99AF4 /* Sessions */ = {
			isa = PBXGroup;
			children = (
				4F9CBC4D7A1057DDD87D00C6 /* CreateSessionView.swift */,
				CA9EC181191293F54C2F8271 /* SessionFilterView.swift */,
				49E6B8D288B2788D83D73ACA /* SessionRowView.swift */,
				80E9760E8E87921284992C11 /* SessionsListView.swift */,
			);
			path = Sessions;
			sourceTree = "<group>";
		};
		9E3AB81F7F45D768CE409B3E /* Shared */ = {
			isa = PBXGroup;
			children = (
				1D5E13C89B475A55FE14DF94 /* ErrorBanner.swift */,
				0B2A65F47D87C55A22DF2C6F /* StatusBadge.swift */,
			);
			path = Shared;
			sourceTree = "<group>";
		};
		A4929F479D971135B1566B70 /* SessionDetail */ = {
			isa = PBXGroup;
			children = (
				688362B0681E39784FE702D9 /* SessionDetailView.swift */,
				5E96EE11EC79E0AB9D4A62AF /* SessionEventsView.swift */,
				6C288D842D503B7776E8F0AB /* SessionMetadataView.swift */,
			);
			path = SessionDetail;
			sourceTree = "<group>";
		};
		A844B9E2031F24E4BAE6BAC3 /* Models */ = {
			isa = PBXGroup;
			children = (
				7E3E4C9EB758F76ADC8C6A4A /* AlertItem.swift */,
				C261814FE4487CE9DFEF06B6 /* AlertPolicy.swift */,
				8128F09702F53DB3BFF5F227 /* AnyCodable.swift */,
				525058B8CC6610D4C955F604 /* APIEnvelope.swift */,
				531717108CA193976CD1D2E3 /* APIError.swift */,
				94B9978DB3F68FA11F46E0EC /* ConnectionProfile.swift */,
				FF1F234E71EBAD74BAF8F8FB /* ConnectionRemediation.swift */,
				A5336E3C4F0A0451AD7F4F7E /* DashboardData.swift */,
				258CB4A2EE68D95676AB445E /* HealthSummary.swift */,
				4A87B4846EDF0FD1ED36EAA1 /* OpsModels.swift */,
				7AD6F95E28AFA49A9FA77CF5 /* PushRegistration.swift */,
				6061C1B1FD3CAEC4C1ACC226 /* SessionInfo.swift */,
				D8E876D98B58CECC44EB5E5E /* TimelineEntry.swift */,
			);
			path = Models;
			sourceTree = "<group>";
		};
		B39CFD1AD6E2DA65E866D2C5 /* ViewModels */ = {
			isa = PBXGroup;
			children = (
				5CFF203EEBD1AF6A4A2AB4D2 /* AlertsViewModel.swift */,
				52AE107FC4C72CDDC7C2546E /* ConnectionViewModel.swift */,
				318FE4DE0832DCDFC1FDA031 /* DashboardViewModel.swift */,
				85BA181AB53B3242E5EC8440 /* OpsViewModel.swift */,
				F96726B96A5D4BFB2C9237E0 /* PushNotificationsViewModel.swift */,
				DE5346286B85D5DBFA4FDEE2 /* SessionDetailViewModel.swift */,
				9ACB13956A25A11A5A18DDD3 /* SessionsViewModel.swift */,
			);
			path = ViewModels;
			sourceTree = "<group>";
		};
		C87153AA073BED2EAFF17B83 /* LoomCompanionKit */ = {
			isa = PBXGroup;
			children = (
				A844B9E2031F24E4BAE6BAC3 /* Models */,
				DE723BFA102C44EB318ACE38 /* Networking */,
				2C5B5E8E4ED8B1A15914E3D1 /* Services */,
				B39CFD1AD6E2DA65E866D2C5 /* ViewModels */,
			);
			path = LoomCompanionKit;
			sourceTree = "<group>";
		};
		D262802FE3DF614BBC4E2868 /* Products */ = {
			isa = PBXGroup;
			children = (
				E6EE71E2DE22C9A8E98B4698 /* LoomCompanion.app */,
				0965F79DE443186E70D59245 /* LoomCompanionKit.framework */,
			);
			name = Products;
			sourceTree = "<group>";
		};
		DE723BFA102C44EB318ACE38 /* Networking */ = {
			isa = PBXGroup;
			children = (
				9D65752DA1D831C10454937C /* APIClient.swift */,
				28F7DB448F3181FBEFEA5CFA /* Endpoint.swift */,
				3E658DFA7DF9965AC39ECCB3 /* SSEClient.swift */,
				6DF3DC44CF14DC2FB3F085E0 /* TokenStore.swift */,
			);
			path = Networking;
			sourceTree = "<group>";
		};
		E799C002B5D57AB6690F2D63 /* Dashboard */ = {
			isa = PBXGroup;
			children = (
				8128EBBB2219D0A2C14482ED /* DashboardView.swift */,
				1CF7388A60BCC73E46496965 /* FleetSummaryCard.swift */,
				CFBB16BC786E0CA1239A1927 /* HealthStatusCard.swift */,
				1F6913A8C8AD409B9046B8A0 /* TimelineListView.swift */,
			);
			path = Dashboard;
			sourceTree = "<group>";
		};
		F266D3641533B7B6917C6293 /* Alerts */ = {
			isa = PBXGroup;
			children = (
				B6EDEF8D15BD0F4CB7DD8F70 /* AlertRowView.swift */,
				D147DBE9994E08EA6A1AF9C1 /* AlertsListView.swift */,
			);
			path = Alerts;
			sourceTree = "<group>";
		};
/* End PBXGroup section */

/* Begin PBXNativeTarget section */
		206507807B35EBD83FDA7303 /* LoomCompanion */ = {
			isa = PBXNativeTarget;
			buildConfigurationList = 1440FF191173D07AAA1419C4 /* Build configuration list for PBXNativeTarget "LoomCompanion" */;
			buildPhases = (
				03D7A70606FB4EFE9B648B98 /* Sources */,
				8EABA9C70DC5AFA189BE4FF4 /* Frameworks */,
				FBD2CD88EE5D8F2942B21778 /* Embed Frameworks */,
			);
			buildRules = (
			);
			dependencies = (
				2DC6BCFAA02F1F84755F77A5 /* PBXTargetDependency */,
			);
			name = LoomCompanion;
			packageProductDependencies = (
			);
			productName = LoomCompanion;
			productReference = E6EE71E2DE22C9A8E98B4698 /* LoomCompanion.app */;
			productType = "com.apple.product-type.application";
		};
		A1E3786F0E278DF274CEE75D /* LoomCompanionKit */ = {
			isa = PBXNativeTarget;
			buildConfigurationList = A82AA8C54ACAF9DFE4183BDA /* Build configuration list for PBXNativeTarget "LoomCompanionKit" */;
			buildPhases = (
				F26E08CF7C6C423A2D91DA7D /* Sources */,
			);
			buildRules = (
			);
			dependencies = (
			);
			name = LoomCompanionKit;
			packageProductDependencies = (
			);
			productName = LoomCompanionKit;
			productReference = 0965F79DE443186E70D59245 /* LoomCompanionKit.framework */;
			productType = "com.apple.product-type.framework";
		};
/* End PBXNativeTarget section */

/* Begin PBXProject section */
		F2A579FA7F3D020C300003E6 /* Project object */ = {
			isa = PBXProject;
			attributes = {
				BuildIndependentTargetsInParallel = YES;
				LastUpgradeCheck = 2620;
				TargetAttributes = {
					206507807B35EBD83FDA7303 = {
						ProvisioningStyle = Automatic;
					};
				};
			};
			buildConfigurationList = 792451C7991A5CCCDFE46E71 /* Build configuration list for PBXProject "LoomCompanion" */;
			compatibilityVersion = "Xcode 14.0";
			developmentRegion = en;
			hasScannedForEncodings = 0;
			knownRegions = (
				Base,
				en,
			);
			mainGroup = 4DDCF8E9200D33074DEB19BC;
			minimizedProjectReferenceProxies = 1;
			projectDirPath = "";
			projectRoot = "";
			targets = (
				206507807B35EBD83FDA7303 /* LoomCompanion */,
				A1E3786F0E278DF274CEE75D /* LoomCompanionKit */,
			);
		};
/* End PBXProject section */

/* Begin PBXSourcesBuildPhase section */
		03D7A70606FB4EFE9B648B98 /* Sources */ = {
			isa = PBXSourcesBuildPhase;
			buildActionMask = 2147483647;
			files = (
				89A054B606D9AEF80B7EFDB2 /* AlertRowView.swift in Sources */,
				9FA7BCACDC8754FB334F3EBD /* AlertsListView.swift in Sources */,
				761BFE6B0B2350CEB2C400E2 /* ConnectionDiagnosticsView.swift in Sources */,
				3B7D185E18B6B4441E16A8DB /* ConnectionProfileView.swift in Sources */,
				2D98A8D1191662318E0F2FE5 /* ContentView.swift in Sources */,
				76902BBFE74D96C71EF3120C /* CreateSessionView.swift in Sources */,
				EF6C45BC301083177F0FDFBE /* DashboardView.swift in Sources */,
				FA64F07EF16BF9A5CBA8759C /* DeviceInfo.swift in Sources */,
				C87437F13DE7E88A0AFD1E1B /* ErrorBanner.swift in Sources */,
				E943F11E27034571454731BE /* FleetSummaryCard.swift in Sources */,
				76C0FB5C848C9F2C8AE699CB /* HealthStatusCard.swift in Sources */,
				80E4590AB92C48FDBCB4EDEC /* LANPermissionView.swift in Sources */,
				74510299F5362A73CF34E2BA /* LoginView.swift in Sources */,
				A0ADB23805338C6C29E0A0CB /* LoomCompanionApp.swift in Sources */,
				BA4BFDAF7460757C230C1995 /* OpsView.swift in Sources */,
				ECA31FBD29E65D5EA29F81DA /* SessionDetailView.swift in Sources */,
				1E2F5DEF2EC06341BCA0DA39 /* SessionEventsView.swift in Sources */,
				8A367FC956B9103DF2C4ED2D /* SessionFilterView.swift in Sources */,
				833F4F1E06447687B1365B68 /* SessionMetadataView.swift in Sources */,
				25F9A3AACB334874920BAF6A /* SessionRowView.swift in Sources */,
				58BE00777930FB0F87CC784E /* SessionsListView.swift in Sources */,
				B03747CEFD8DAB35671BF975 /* StatusBadge.swift in Sources */,
				529481AA1364F008AABB1D7A /* TimelineListView.swift in Sources */,
			);
			runOnlyForDeploymentPostprocessing = 0;
		};
		F26E08CF7C6C423A2D91DA7D /* Sources */ = {
			isa = PBXSourcesBuildPhase;
			buildActionMask = 2147483647;
			files = (
				4C65035950F358B9340A2160 /* APIClient.swift in Sources */,
				6F5327200BDA5F943F30A463 /* APIEnvelope.swift in Sources */,
				6C411FC10E264DAC0556C8EA /* APIError.swift in Sources */,
				115BDC290AD53FC3423B9CC3 /* AlertItem.swift in Sources */,
				6AE2B81B2649BD1EAC446ACC /* AlertPolicy.swift in Sources */,
				DBBAA50C4F34C1B27900C576 /* AlertsViewModel.swift in Sources */,
				9A9C76AD6340ADB9630542B4 /* AnyCodable.swift in Sources */,
				FEEC34A014B3BE76C909FA4C /* ConnectionHealthMonitor.swift in Sources */,
				BE66E00D6F6C28D7C160AC8B /* ConnectionProfile.swift in Sources */,
				D072038A27840743FE92BC02 /* ConnectionRemediation.swift in Sources */,
				E0D0A8B42F44F4323B1313B6 /* ConnectionViewModel.swift in Sources */,
				5B3AC9E61710949784CC61BB /* DashboardData.swift in Sources */,
				112E1A30B95AFFA19F47668C /* DashboardViewModel.swift in Sources */,
				CC0104B3FB20E36B95F09FCF /* Endpoint.swift in Sources */,
				0154632F64A9B778BD328148 /* HealthSummary.swift in Sources */,
				1AA9EDC4D2634F3BCD526910 /* OpsModels.swift in Sources */,
				CB856B9785D64315472048AE /* OpsViewModel.swift in Sources */,
				F91AF5E5C440230EB88D369A /* PushNotificationsViewModel.swift in Sources */,
				CEA20399E44A121B9F0A26F1 /* PushRegistration.swift in Sources */,
				CA3E87BA5DCD0F9C63673CCD /* SSEClient.swift in Sources */,
				DCF74D2FF639DB17590A1117 /* SessionDetailViewModel.swift in Sources */,
				CDBAA8EAA0B67766D37F3607 /* SessionInfo.swift in Sources */,
				64D8DEEE394682735D328772 /* SessionsViewModel.swift in Sources */,
				48B4E56980B5F596C1A51EE3 /* TimelineEntry.swift in Sources */,
				AE26BF83C8AEFE0B08F1DA96 /* TokenStore.swift in Sources */,
			);
			runOnlyForDeploymentPostprocessing = 0;
		};
/* End PBXSourcesBuildPhase section */

/* Begin PBXTargetDependency section */
		2DC6BCFAA02F1F84755F77A5 /* PBXTargetDependency */ = {
			isa = PBXTargetDependency;
			target = A1E3786F0E278DF274CEE75D /* LoomCompanionKit */;
			targetProxy = C41A6547E8A8531457564DBC /* PBXContainerItemProxy */;
		};
/* End PBXTargetDependency section */

/* Begin XCBuildConfiguration section */
		0D262239D6F978E62BB36A76 /* Release */ = {
			isa = XCBuildConfiguration;
			buildSettings = {
				CODE_SIGN_IDENTITY = "";
				CURRENT_PROJECT_VERSION = 1;
				DEFINES_MODULE = YES;
				DYLIB_COMPATIBILITY_VERSION = 1;
				DYLIB_CURRENT_VERSION = 1;
				DYLIB_INSTALL_NAME_BASE = "@rpath";
				ENABLE_MODULE_VERIFIER = YES;
				GENERATE_INFOPLIST_FILE = YES;
				INSTALL_PATH = "$(LOCAL_LIBRARY_DIR)/Frameworks";
				IPHONEOS_DEPLOYMENT_TARGET = 17.0;
				LD_RUNPATH_SEARCH_PATHS = (
					"$(inherited)",
					"@executable_path/Frameworks",
				);
				MODULE_VERIFIER_SUPPORTED_LANGUAGE_STANDARDS = "gnu11 gnu++14";
				PRODUCT_BUNDLE_IDENTIFIER = ai.flexinfer.loom.companion.kit;
				SDKROOT = iphoneos;
				SKIP_INSTALL = YES;
				SWIFT_VERSION = 5.9;
				TARGETED_DEVICE_FAMILY = "1,2";
				VERSIONING_SYSTEM = "apple-generic";
			};
			name = Release;
		};
		35A64E9B073888CE90BADE9E /* Debug */ = {
			isa = XCBuildConfiguration;
			buildSettings = {
				CODE_SIGN_IDENTITY = "";
				CURRENT_PROJECT_VERSION = 1;
				DEFINES_MODULE = YES;
				DYLIB_COMPATIBILITY_VERSION = 1;
				DYLIB_CURRENT_VERSION = 1;
				DYLIB_INSTALL_NAME_BASE = "@rpath";
				ENABLE_MODULE_VERIFIER = YES;
				GENERATE_INFOPLIST_FILE = YES;
				INSTALL_PATH = "$(LOCAL_LIBRARY_DIR)/Frameworks";
				IPHONEOS_DEPLOYMENT_TARGET = 17.0;
				LD_RUNPATH_SEARCH_PATHS = (
					"$(inherited)",
					"@executable_path/Frameworks",
				);
				MODULE_VERIFIER_SUPPORTED_LANGUAGE_STANDARDS = "gnu11 gnu++14";
				PRODUCT_BUNDLE_IDENTIFIER = ai.flexinfer.loom.companion.kit;
				SDKROOT = iphoneos;
				SKIP_INSTALL = YES;
				SWIFT_VERSION = 5.9;
				TARGETED_DEVICE_FAMILY = "1,2";
				VERSIONING_SYSTEM = "apple-generic";
			};
			name = Debug;
		};
		3C1C41DC8DA7164E8251A725 /* Release */ = {
			isa = XCBuildConfiguration;
			buildSettings = {
				ASSETCATALOG_COMPILER_APPICON_NAME = AppIcon;
				CODE_SIGN_IDENTITY = "iPhone Developer";
				CODE_SIGN_STYLE = Automatic;
				DEVELOPMENT_TEAM = BX8243HJHS;
				GENERATE_INFOPLIST_FILE = YES;
				INFOPLIST_KEY_CFBundleDisplayName = "Loom Companion";
				INFOPLIST_KEY_NSBonjourServices = _http._tcp;
				INFOPLIST_KEY_NSLocalNetworkUsageDescription = "Loom Companion needs local network access to connect to your local Loom HUD server.";
				INFOPLIST_KEY_UIApplicationSceneManifest_Generation = YES;
				INFOPLIST_KEY_UILaunchScreen_Generation = YES;
				IPHONEOS_DEPLOYMENT_TARGET = 17.0;
				LD_RUNPATH_SEARCH_PATHS = (
					"$(inherited)",
					"@executable_path/Frameworks",
				);
				PRODUCT_BUNDLE_IDENTIFIER = ai.flexinfer.loom.companion;
				SDKROOT = iphoneos;
				SWIFT_VERSION = 5.9;
				TARGETED_DEVICE_FAMILY = "1,2";
			};
			name = Release;
		};
		67F69A2A0173A5016F3633DD /* Debug */ = {
			isa = XCBuildConfiguration;
			buildSettings = {
				ALWAYS_SEARCH_USER_PATHS = NO;
				CLANG_ANALYZER_NONNULL = YES;
				CLANG_ANALYZER_NUMBER_OBJECT_CONVERSION = YES_AGGRESSIVE;
				CLANG_CXX_LANGUAGE_STANDARD = "gnu++14";
				CLANG_CXX_LIBRARY = "libc++";
				CLANG_ENABLE_MODULES = YES;
				CLANG_ENABLE_OBJC_ARC = YES;
				CLANG_ENABLE_OBJC_WEAK = YES;
				CLANG_WARN_BLOCK_CAPTURE_AUTORELEASING = YES;
				CLANG_WARN_BOOL_CONVERSION = YES;
				CLANG_WARN_COMMA = YES;
				CLANG_WARN_CONSTANT_CONVERSION = YES;
				CLANG_WARN_DEPRECATED_OBJC_IMPLEMENTATIONS = YES;
				CLANG_WARN_DIRECT_OBJC_ISA_USAGE = YES_ERROR;
				CLANG_WARN_DOCUMENTATION_COMMENTS = YES;
				CLANG_WARN_EMPTY_BODY = YES;
				CLANG_WARN_ENUM_CONVERSION = YES;
				CLANG_WARN_INFINITE_RECURSION = YES;
				CLANG_WARN_INT_CONVERSION = YES;
				CLANG_WARN_NON_LITERAL_NULL_CONVERSION = YES;
				CLANG_WARN_OBJC_IMPLICIT_RETAIN_SELF = YES;
				CLANG_WARN_OBJC_LITERAL_CONVERSION = YES;
				CLANG_WARN_OBJC_ROOT_CLASS = YES_ERROR;
				CLANG_WARN_QUOTED_INCLUDE_IN_FRAMEWORK_HEADER = YES;
				CLANG_WARN_RANGE_LOOP_ANALYSIS = YES;
				CLANG_WARN_STRICT_PROTOTYPES = YES;
				CLANG_WARN_SUSPICIOUS_MOVE = YES;
				CLANG_WARN_UNGUARDED_AVAILABILITY = YES_AGGRESSIVE;
				CLANG_WARN_UNREACHABLE_CODE = YES;
				CLANG_WARN__DUPLICATE_METHOD_MATCH = YES;
				COPY_PHASE_STRIP = NO;
				DEBUG_INFORMATION_FORMAT = dwarf;
				ENABLE_STRICT_OBJC_MSGSEND = YES;
				ENABLE_TESTABILITY = YES;
				ENABLE_USER_SCRIPT_SANDBOXING = YES;
				GCC_C_LANGUAGE_STANDARD = gnu11;
				GCC_DYNAMIC_NO_PIC = NO;
				GCC_NO_COMMON_BLOCKS = YES;
				GCC_OPTIMIZATION_LEVEL = 0;
				GCC_PREPROCESSOR_DEFINITIONS = (
					"$(inherited)",
					"DEBUG=1",
				);
				GCC_WARN_64_TO_32_BIT_CONVERSION = YES;
				GCC_WARN_ABOUT_RETURN_TYPE = YES_ERROR;
				GCC_WARN_UNDECLARED_SELECTOR = YES;
				GCC_WARN_UNINITIALIZED_AUTOS = YES_AGGRESSIVE;
				GCC_WARN_UNUSED_FUNCTION = YES;
				GCC_WARN_UNUSED_VARIABLE = YES;
				IPHONEOS_DEPLOYMENT_TARGET = 17.0;
				MTL_ENABLE_DEBUG_INFO = INCLUDE_SOURCE;
				MTL_FAST_MATH = YES;
				ONLY_ACTIVE_ARCH = YES;
				PRODUCT_NAME = "$(TARGET_NAME)";
				SDKROOT = iphoneos;
				STRING_CATALOG_GENERATE_SYMBOLS = YES;
				SWIFT_ACTIVE_COMPILATION_CONDITIONS = DEBUG;
				SWIFT_OPTIMIZATION_LEVEL = "-Onone";
				SWIFT_VERSION = 5.0;
			};
			name = Debug;
		};
		76D9790639ABD04445C61BE0 /* Release */ = {
			isa = XCBuildConfiguration;
			buildSettings = {
				ALWAYS_SEARCH_USER_PATHS = NO;
				CLANG_ANALYZER_NONNULL = YES;
				CLANG_ANALYZER_NUMBER_OBJECT_CONVERSION = YES_AGGRESSIVE;
				CLANG_CXX_LANGUAGE_STANDARD = "gnu++14";
				CLANG_CXX_LIBRARY = "libc++";
				CLANG_ENABLE_MODULES = YES;
				CLANG_ENABLE_OBJC_ARC = YES;
				CLANG_ENABLE_OBJC_WEAK = YES;
				CLANG_WARN_BLOCK_CAPTURE_AUTORELEASING = YES;
				CLANG_WARN_BOOL_CONVERSION = YES;
				CLANG_WARN_COMMA = YES;
				CLANG_WARN_CONSTANT_CONVERSION = YES;
				CLANG_WARN_DEPRECATED_OBJC_IMPLEMENTATIONS = YES;
				CLANG_WARN_DIRECT_OBJC_ISA_USAGE = YES_ERROR;
				CLANG_WARN_DOCUMENTATION_COMMENTS = YES;
				CLANG_WARN_EMPTY_BODY = YES;
				CLANG_WARN_ENUM_CONVERSION = YES;
				CLANG_WARN_INFINITE_RECURSION = YES;
				CLANG_WARN_INT_CONVERSION = YES;
				CLANG_WARN_NON_LITERAL_NULL_CONVERSION = YES;
				CLANG_WARN_OBJC_IMPLICIT_RETAIN_SELF = YES;
				CLANG_WARN_OBJC_LITERAL_CONVERSION = YES;
				CLANG_WARN_OBJC_ROOT_CLASS = YES_ERROR;
				CLANG_WARN_QUOTED_INCLUDE_IN_FRAMEWORK_HEADER = YES;
				CLANG_WARN_RANGE_LOOP_ANALYSIS = YES;
				CLANG_WARN_STRICT_PROTOTYPES = YES;
				CLANG_WARN_SUSPICIOUS_MOVE = YES;
				CLANG_WARN_UNGUARDED_AVAILABILITY = YES_AGGRESSIVE;
				CLANG_WARN_UNREACHABLE_CODE = YES;
				CLANG_WARN__DUPLICATE_METHOD_MATCH = YES;
				COPY_PHASE_STRIP = NO;
				DEBUG_INFORMATION_FORMAT = "dwarf-with-dsym";
				ENABLE_NS_ASSERTIONS = NO;
				ENABLE_STRICT_OBJC_MSGSEND = YES;
				ENABLE_USER_SCRIPT_SANDBOXING = YES;
				GCC_C_LANGUAGE_STANDARD = gnu11;
				GCC_NO_COMMON_BLOCKS = YES;
				GCC_WARN_64_TO_32_BIT_CONVERSION = YES;
				GCC_WARN_ABOUT_RETURN_TYPE = YES_ERROR;
				GCC_WARN_UNDECLARED_SELECTOR = YES;
				GCC_WARN_UNINITIALIZED_AUTOS = YES_AGGRESSIVE;
				GCC_WARN_UNUSED_FUNCTION = YES;
				GCC_WARN_UNUSED_VARIABLE = YES;
				IPHONEOS_DEPLOYMENT_TARGET = 17.0;
				MTL_ENABLE_DEBUG_INFO = NO;
				MTL_FAST_MATH = YES;
				PRODUCT_NAME = "$(TARGET_NAME)";
				SDKROOT = iphoneos;
				STRING_CATALOG_GENERATE_SYMBOLS = YES;
				SWIFT_COMPILATION_MODE = wholemodule;
				SWIFT_OPTIMIZATION_LEVEL = "-O";
				SWIFT_VERSION = 5.0;
			};
			name = Release;
		};
		CE80C5E66336E871EFF502E9 /* Debug */ = {
			isa = XCBuildConfiguration;
			buildSettings = {
				ASSETCATALOG_COMPILER_APPICON_NAME = AppIcon;
				CODE_SIGN_IDENTITY = "iPhone Developer";
				CODE_SIGN_STYLE = Automatic;
				DEVELOPMENT_TEAM = BX8243HJHS;
				GENERATE_INFOPLIST_FILE = YES;
				INFOPLIST_KEY_CFBundleDisplayName = "Loom Companion";
				INFOPLIST_KEY_NSBonjourServices = _http._tcp;
				INFOPLIST_KEY_NSLocalNetworkUsageDescription = "Loom Companion needs local network access to connect to your local Loom HUD server.";
				INFOPLIST_KEY_UIApplicationSceneManifest_Generation = YES;
				INFOPLIST_KEY_UILaunchScreen_Generation = YES;
				IPHONEOS_DEPLOYMENT_TARGET = 17.0;
				LD_RUNPATH_SEARCH_PATHS = (
					"$(inherited)",
					"@executable_path/Frameworks",
				);
				PRODUCT_BUNDLE_IDENTIFIER = ai.flexinfer.loom.companion;
				SDKROOT = iphoneos;
				SWIFT_VERSION = 5.9;
				TARGETED_DEVICE_FAMILY = "1,2";
			};
			name = Debug;
		};
/* End XCBuildConfiguration section */

/* Begin XCConfigurationList section */
		1440FF191173D07AAA1419C4 /* Build configuration list for PBXNativeTarget "LoomCompanion" */ = {
			isa = XCConfigurationList;
			buildConfigurations = (
				CE80C5E66336E871EFF502E9 /* Debug */,
				3C1C41DC8DA7164E8251A725 /* Release */,
			);
			defaultConfigurationIsVisible = 0;
			defaultConfigurationName = Debug;
		};
		792451C7991A5CCCDFE46E71 /* Build configuration list for PBXProject "LoomCompanion" */ = {
			isa = XCConfigurationList;
			buildConfigurations = (
				67F69A2A0173A5016F3633DD /* Debug */,
				76D9790639ABD04445C61BE0 /* Release */,
			);
			defaultConfigurationIsVisible = 0;
			defaultConfigurationName = Debug;
		};
		A82AA8C54ACAF9DFE4183BDA /* Build configuration list for PBXNativeTarget "LoomCompanionKit" */ = {
			isa = XCConfigurationList;
			buildConfigurations = (
				35A64E9B073888CE90BADE9E /* Debug */,
				0D262239D6F978E62BB36A76 /* Release */,
			);
			defaultConfigurationIsVisible = 0;
			defaultConfigurationName = Debug;
		};
/* End XCConfigurationList section */
	};
	rootObject = F2A579FA7F3D020C300003E6 /* Project object */;
}
